
Microsoft Visual Studio Solution File, Format Version 12.00
# Visual Studio Version 17
VisualStudioVersion = 17.8.34309.116
MinimumVisualStudioVersion = 10.0.40219.1
Project("{8BC9CEB8-8B4A-11D0-8D11-00A0C91BC942}") = "YouToo", "YouToo\YouToo.vcxproj", "{B1C413DD-C879-4D02-BF42-8D1F6E6E83F6}"
EndProject
Global
	GlobalSection(SolutionConfigurationPlatforms) = preSolution
		Debug|x64 = Debug|x64
		Debug|x86 = Debug|x86
		Release|x64 = Release|x64
		Release|x86 = Release|x86
	EndGlobalSection
	GlobalSection(ProjectConfigurationPlatforms) = postSolution
		{B1C413DD-C879-4D02-BF42-8D1F6E6E83F6}.Debug|x64.ActiveCfg = Debug|x64
		{B1C413DD-C879-4D02-BF42-8D1F6E6E83F6}.Debug|x64.Build.0 = Debug|x64
		{B1C413DD-C879-4D02-BF42-8D1F6E6E83F6}.Debug|x86.ActiveCfg = Debug|Win32
		{B1C413DD-C879-4D02-BF42-8D1F6E6E83F6}.Debug|x86.Build.0 = Debug|Win32
		{B1C413DD-C879-4D02-BF42-8D1F6E6E83F6}.Release|x64.ActiveCfg = Release|x64
		{B1C413DD-C879-4D02-BF42-8D1F6E6E83F6}.Release|x64.Build.0 = Release|x64
		{B1C413DD-C879-4D02-BF42-8D1F6E6E83F6}.Release|x86.ActiveCfg = Release|Win32
		{B1C413DD-C879-4D02-BF42-8D1F6E6E83F6}.Release|x86.Build.0 = Release|Win32
	EndGlobalSection
	GlobalSection(SolutionProperties) = preSolution
		HideSolutionNode = FALSE
	EndGlobalSection
	GlobalSection(ExtensibilityGlobals) = postSolution
		SolutionGuid = {2D645102-E3D5-4AE6-822B-D6B474374C8F}
	EndGlobalSection
EndGlobal
